
Microsoft Visual Studio Solution File, Format Version 12.00
# Visual Studio Version 16
VisualStudioVersion = 16.0.31129.286
MinimumVisualStudioVersion = 10.0.40219.1
Project("{FAE04EC0-301F-11D3-BF4B-00C04F79EFBC}") = "Brick-o-matic.Math", "Brick-o-matic.Math\Brick-o-matic.Math.csproj", "{DC7A215C-D662-4664-9400-8D93D677DE1D}"
EndProject
Project("{2150E333-8FDC-42A3-9474-1A3956D46DE8}") = "UnitTests", "UnitTests", "{1AB16A87-2BC4-42D1-B5F6-871A3AF04752}"
EndProject
Project("{FAE04EC0-301F-11D3-BF4B-00C04F79EFBC}") = "Brick-o-matic.Math.UnitTest", "Brick-o-matic.Math.UnitTest\Brick-o-matic.Math.UnitTest.csproj", "{F620D8CA-F56D-40F1-A444-BE891E790200}"
EndProject
Project("{FAE04EC0-301F-11D3-BF4B-00C04F79EFBC}") = "Brick-o-matic.Primitives", "Brick-o-matic.Primitives\Brick-o-matic.Primitives.csproj", "{43C68275-CB05-44D2-9D80-81624B5DA9BC}"
EndProject
Project("{FAE04EC0-301F-11D3-BF4B-00C04F79EFBC}") = "Brick-o-matic.Primitives.UnitTest", "Brick-o-matic.Primitives.UnitTest\Brick-o-matic.Primitives.UnitTest.csproj", "{A3EED6E5-C066-48E8-9FD2-1DDEE6AF4D45}"
EndProject
Project("{FAE04EC0-301F-11D3-BF4B-00C04F79EFBC}") = "Brick-o-matic.Viewer_Old", "Brick-o-matic.Viewer\Brick-o-matic.Viewer_Old.csproj", "{7EBE7B3E-582C-4C13-B730-1F341AFE1685}"
EndProject
Project("{FAE04EC0-301F-11D3-BF4B-00C04F79EFBC}") = "Brick-o-matic.Parsing", "Brick-o-matic.Parsing\Brick-o-matic.Parsing.csproj", "{6626CADA-23D2-4363-A2C8-31A582C2DDC1}"
EndProject
Project("{2150E333-8FDC-42A3-9474-1A3956D46DE8}") = "Dependencies", "Dependencies", "{6F11A7AE-A646-4D8E-B4EC-67530E52848E}"
EndProject
Project("{FAE04EC0-301F-11D3-BF4B-00C04F79EFBC}") = "ParserLib", "..\ParserLib\ParserLib\ParserLib.csproj", "{1902999E-4C85-4302-A6CD-6C1FABC80895}"
EndProject
Project("{FAE04EC0-301F-11D3-BF4B-00C04F79EFBC}") = "Brick-o-matic.Parsing.UnitTest", "Brick-o-matic.Parsing.UnitTest\Brick-o-matic.Parsing.UnitTest.csproj", "{97D1B66A-225D-4591-9D29-9A072CC654F9}"
EndProject
Project("{FAE04EC0-301F-11D3-BF4B-00C04F79EFBC}") = "Brick-o-matic.TextMate", "Brick-o-matic.TextMate\Brick-o-matic.TextMate.csproj", "{6D30BCBE-6CB6-4A28-AA13-1DCEC83742DF}"
EndProject
Global
	GlobalSection(SolutionConfigurationPlatforms) = preSolution
		Debug|Any CPU = Debug|Any CPU
		Release|Any CPU = Release|Any CPU
	EndGlobalSection
	GlobalSection(ProjectConfigurationPlatforms) = postSolution
		{DC7A215C-D662-4664-9400-8D93D677DE1D}.Debug|Any CPU.ActiveCfg = Debug|Any CPU
		{DC7A215C-D662-4664-9400-8D93D677DE1D}.Debug|Any CPU.Build.0 = Debug|Any CPU
		{DC7A215C-D662-4664-9400-8D93D677DE1D}.Release|Any CPU.ActiveCfg = Release|Any CPU
		{DC7A215C-D662-4664-9400-8D93D677DE1D}.Release|Any CPU.Build.0 = Release|Any CPU
		{F620D8CA-F56D-40F1-A444-BE891E790200}.Debug|Any CPU.ActiveCfg = Debug|Any CPU
		{F620D8CA-F56D-40F1-A444-BE891E790200}.Debug|Any CPU.Build.0 = Debug|Any CPU
		{F620D8CA-F56D-40F1-A444-BE891E790200}.Release|Any CPU.ActiveCfg = Release|Any CPU
		{F620D8CA-F56D-40F1-A444-BE891E790200}.Release|Any CPU.Build.0 = Release|Any CPU
		{43C68275-CB05-44D2-9D80-81624B5DA9BC}.Debug|Any CPU.ActiveCfg = Debug|Any CPU
		{43C68275-CB05-44D2-9D80-81624B5DA9BC}.Debug|Any CPU.Build.0 = Debug|Any CPU
		{43C68275-CB05-44D2-9D80-81624B5DA9BC}.Release|Any CPU.ActiveCfg = Release|Any CPU
		{43C68275-CB05-44D2-9D80-81624B5DA9BC}.Release|Any CPU.Build.0 = Release|Any CPU
		{A3EED6E5-C066-48E8-9FD2-1DDEE6AF4D45}.Debug|Any CPU.ActiveCfg = Debug|Any CPU
		{A3EED6E5-C066-48E8-9FD2-1DDEE6AF4D45}.Debug|Any CPU.Build.0 = Debug|Any CPU
		{A3EED6E5-C066-48E8-9FD2-1DDEE6AF4D45}.Release|Any CPU.ActiveCfg = Release|Any CPU
		{A3EED6E5-C066-48E8-9FD2-1DDEE6AF4D45}.Release|Any CPU.Build.0 = Release|Any CPU
		{7EBE7B3E-582C-4C13-B730-1F341AFE1685}.Debug|Any CPU.ActiveCfg = Debug|Any CPU
		{7EBE7B3E-582C-4C13-B730-1F341AFE1685}.Debug|Any CPU.Build.0 = Debug|Any CPU
		{7EBE7B3E-582C-4C13-B730-1F341AFE1685}.Release|Any CPU.ActiveCfg = Release|Any CPU
		{7EBE7B3E-582C-4C13-B730-1F341AFE1685}.Release|Any CPU.Build.0 = Release|Any CPU
		{6626CADA-23D2-4363-A2C8-31A582C2DDC1}.Debug|Any CPU.ActiveCfg = Debug|Any CPU
		{6626CADA-23D2-4363-A2C8-31A582C2DDC1}.Debug|Any CPU.Build.0 = Debug|Any CPU
		{6626CADA-23D2-4363-A2C8-31A582C2DDC1}.Release|Any CPU.ActiveCfg = Release|Any CPU
		{6626CADA-23D2-4363-A2C8-31A582C2DDC1}.Release|Any CPU.Build.0 = Release|Any CPU
		{1902999E-4C85-4302-A6CD-6C1FABC80895}.Debug|Any CPU.ActiveCfg = Debug|Any CPU
		{1902999E-4C85-4302-A6CD-6C1FABC80895}.Debug|Any CPU.Build.0 = Debug|Any CPU
		{1902999E-4C85-4302-A6CD-6C1FABC80895}.Release|Any CPU.ActiveCfg = Release|Any CPU
		{1902999E-4C85-4302-A6CD-6C1FABC80895}.Release|Any CPU.Build.0 = Release|Any CPU
		{97D1B66A-225D-4591-9D29-9A072CC654F9}.Debug|Any CPU.ActiveCfg = Debug|Any CPU
		{97D1B66A-225D-4591-9D29-9A072CC654F9}.Debug|Any CPU.Build.0 = Debug|Any CPU
		{97D1B66A-225D-4591-9D29-9A072CC654F9}.Release|Any CPU.ActiveCfg = Release|Any CPU
		{97D1B66A-225D-4591-9D29-9A072CC654F9}.Release|Any CPU.Build.0 = Release|Any CPU
		{6D30BCBE-6CB6-4A28-AA13-1DCEC83742DF}.Debug|Any CPU.ActiveCfg = Debug|Any CPU
		{6D30BCBE-6CB6-4A28-AA13-1DCEC83742DF}.Debug|Any CPU.Build.0 = Debug|Any CPU
		{6D30BCBE-6CB6-4A28-AA13-1DCEC83742DF}.Release|Any CPU.ActiveCfg = Release|Any CPU
		{6D30BCBE-6CB6-4A28-AA13-1DCEC83742DF}.Release|Any CPU.Build.0 = Release|Any CPU
	EndGlobalSection
	GlobalSection(SolutionProperties) = preSolution
		HideSolutionNode = FALSE
	EndGlobalSection
	GlobalSection(NestedProjects) = preSolution
		{F620D8CA-F56D-40F1-A444-BE891E790200} = {1AB16A87-2BC4-42D1-B5F6-871A3AF04752}
		{A3EED6E5-C066-48E8-9FD2-1DDEE6AF4D45} = {1AB16A87-2BC4-42D1-B5F6-871A3AF04752}
		{1902999E-4C85-4302-A6CD-6C1FABC80895} = {6F11A7AE-A646-4D8E-B4EC-67530E52848E}
		{97D1B66A-225D-4591-9D29-9A072CC654F9} = {1AB16A87-2BC4-42D1-B5F6-871A3AF04752}
	EndGlobalSection
	GlobalSection(ExtensibilityGlobals) = postSolution
		SolutionGuid = {737B69F0-592A-4FFB-953F-68629DC477A0}
	EndGlobalSection
EndGlobal
